// !$*UTF8*$!
{
	archiveVersion = 1;
	classes = {
	};
	objectVersion = 46;
	objects = {

/* Begin PBXBuildFile section */
		4DAACEF41B35805A0074DE43 /* AppDelegate.swift in Sources */ = {isa = PBXBuildFile; fileRef = 4DAACEF31B35805A0074DE43 /* AppDelegate.swift */; };
		4DAACEF61B35805A0074DE43 /* Assets.xcassets in Resources */ = {isa = PBXBuildFile; fileRef = 4DAACEF51B35805A0074DE43 /* Assets.xcassets */; };
		4DAACEF91B35805A0074DE43 /* MainMenu.xib in Resources */ = {isa = PBXBuildFile; fileRef = 4DAACEF71B35805A0074DE43 /* MainMenu.xib */; };
		4DAACF041B35805A0074DE43 /* SwiftPerformanceComparisonTests.swift in Sources */ = {isa = PBXBuildFile; fileRef = 4DAACF031B35805A0074DE43 /* SwiftPerformanceComparisonTests.swift */; };
/* End PBXBuildFile section */

/* Begin PBXContainerItemProxy section */
		4DAACF001B35805A0074DE43 /* PBXContainerItemProxy */ = {
			isa = PBXContainerItemProxy;
			containerPortal = 4DAACEE81B3580590074DE43 /* Project object */;
			proxyType = 1;
			remoteGlobalIDString = 4DAACEEF1B35805A0074DE43;
			remoteInfo = SwiftPerformanceComparison;
		};
/* End PBXContainerItemProxy section */

/* Begin PBXFileReference section */
		4DAACEF01B35805A0074DE43 /* SwiftPerformanceComparison.app */ = {isa = PBXFileReference; explicitFileType = wrapper.application; includeInIndex = 0; path = SwiftPerformanceComparison.app; sourceTree = BUILT_PRODUCTS_DIR; };
		4DAACEF31B35805A0074DE43 /* AppDelegate.swift */ = {isa = PBXFileReference; lastKnownFileType = sourcecode.swift; path = AppDelegate.swift; sourceTree = "<group>"; };
		4DAACEF51B35805A0074DE43 /* Assets.xcassets */ = {isa = PBXFileReference; lastKnownFileType = folder.assetcatalog; path = Assets.xcassets; sourceTree = "<group>"; };
		4DAACEF81B35805A0074DE43 /* Base */ = {isa = PBXFileReference; lastKnownFileType = file.xib; name = Base; path = Base.lproj/MainMenu.xib; sourceTree = "<group>"; };
		4DAACEFA1B35805A0074DE43 /* Info.plist */ = {isa = PBXFileReference; lastKnownFileType = text.plist.xml; path = Info.plist; sourceTree = "<group>"; };
		4DAACEFF1B35805A0074DE43 /* SwiftPerformanceComparisonTests.xctest */ = {isa = PBXFileReference; explicitFileType = wrapper.cfbundle; includeInIndex = 0; path = SwiftPerformanceComparisonTests.xctest; sourceTree = BUILT_PRODUCTS_DIR; };
		4DAACF031B35805A0074DE43 /* SwiftPerformanceComparisonTests.swift */ = {isa = PBXFileReference; lastKnownFileType = sourcecode.swift; path = SwiftPerformanceComparisonTests.swift; sourceTree = "<group>"; };
		4DAACF051B35805A0074DE43 /* Info.plist */ = {isa = PBXFileReference; lastKnownFileType = text.plist.xml; path = Info.plist; sourceTree = "<group>"; };
/* End PBXFileReference section */

/* Begin PBXFrameworksBuildPhase section */
		4DAACEED1B35805A0074DE43 /* Frameworks */ = {
			isa = PBXFrameworksBuildPhase;
			buildActionMask = 2147483647;
			files = (
			);
			runOnlyForDeploymentPostprocessing = 0;
		};
		4DAACEFC1B35805A0074DE43 /* Frameworks */ = {
			isa = PBXFrameworksBuildPhase;
			buildActionMask = 2147483647;
			files = (
			);
			runOnlyForDeploymentPostprocessing = 0;
		};
/* End PBXFrameworksBuildPhase section */

/* Begin PBXGroup section */
		4DAACEE71B3580590074DE43 = {
			isa = PBXGroup;
			children = (
				4DAACEF21B35805A0074DE43 /* SwiftPerformanceComparison */,
				4DAACF021B35805A0074DE43 /* SwiftPerformanceComparisonTests */,
				4DAACEF11B35805A0074DE43 /* Products */,
			);
			sourceTree = "<group>";
		};
		4DAACEF11B35805A0074DE43 /* Products */ = {
			isa = PBXGroup;
			children = (
				4DAACEF01B35805A0074DE43 /* SwiftPerformanceComparison.app */,
				4DAACEFF1B35805A0074DE43 /* SwiftPerformanceComparisonTests.xctest */,
			);
			name = Products;
			sourceTree = "<group>";
		};
		4DAACEF21B35805A0074DE43 /* SwiftPerformanceComparison */ = {
			isa = PBXGroup;
			children = (
				4DAACEF31B35805A0074DE43 /* AppDelegate.swift */,
				4DAACEF51B35805A0074DE43 /* Assets.xcassets */,
				4DAACEF71B35805A0074DE43 /* MainMenu.xib */,
				4DAACEFA1B35805A0074DE43 /* Info.plist */,
			);
			path = SwiftPerformanceComparison;
			sourceTree = "<group>";
		};
		4DAACF021B35805A0074DE43 /* SwiftPerformanceComparisonTests */ = {
			isa = PBXGroup;
			children = (
				4DAACF031B35805A0074DE43 /* SwiftPerformanceComparisonTests.swift */,
				4DAACF051B35805A0074DE43 /* Info.plist */,
			);
			path = SwiftPerformanceComparisonTests;
			sourceTree = "<group>";
		};
/* End PBXGroup section */

/* Begin PBXNativeTarget section */
		4DAACEEF1B35805A0074DE43 /* SwiftPerformanceComparison */ = {
			isa = PBXNativeTarget;
			buildConfigurationList = 4DAACF081B35805A0074DE43 /* Build configuration list for PBXNativeTarget "SwiftPerformanceComparison" */;
			buildPhases = (
				4DAACEEC1B35805A0074DE43 /* Sources */,
				4DAACEED1B35805A0074DE43 /* Frameworks */,
				4DAACEEE1B35805A0074DE43 /* Resources */,
			);
			buildRules = (
			);
			dependencies = (
			);
			name = SwiftPerformanceComparison;
			productName = SwiftPerformanceComparison;
			productReference = 4DAACEF01B35805A0074DE43 /* SwiftPerformanceComparison.app */;
			productType = "com.apple.product-type.application";
		};
		4DAACEFE1B35805A0074DE43 /* SwiftPerformanceComparisonTests */ = {
			isa = PBXNativeTarget;
			buildConfigurationList = 4DAACF0B1B35805A0074DE43 /* Build configuration list for PBXNativeTarget "SwiftPerformanceComparisonTests" */;
			buildPhases = (
				4DAACEFB1B35805A0074DE43 /* Sources */,
				4DAACEFC1B35805A0074DE43 /* Frameworks */,
				4DAACEFD1B35805A0074DE43 /* Resources */,
			);
			buildRules = (
			);
			dependencies = (
				4DAACF011B35805A0074DE43 /* PBXTargetDependency */,
			);
			name = SwiftPerformanceComparisonTests;
			productName = SwiftPerformanceComparisonTests;
			productReference = 4DAACEFF1B35805A0074DE43 /* SwiftPerformanceComparisonTests.xctest */;
			productType = "com.apple.product-type.bundle.unit-test";
		};
/* End PBXNativeTarget section */

/* Begin PBXProject section */
		4DAACEE81B3580590074DE43 /* Project object */ = {
			isa = PBXProject;
			attributes = {
				LastUpgradeCheck = 0700;
				ORGANIZATIONNAME = "Benedikt Terhechte";
				TargetAttributes = {
					4DAACEEF1B35805A0074DE43 = {
						CreatedOnToolsVersion = 7.0;
					};
					4DAACEFE1B35805A0074DE43 = {
						CreatedOnToolsVersion = 7.0;
						TestTargetID = 4DAACEEF1B35805A0074DE43;
					};
				};
			};
			buildConfigurationList = 4DAACEEB1B3580590074DE43 /* Build configuration list for PBXProject "SwiftPerformanceComparison" */;
			compatibilityVersion = "Xcode 3.2";
			developmentRegion = English;
			hasScannedForEncodings = 0;
			knownRegions = (
				en,
				Base,
			);
			mainGroup = 4DAACEE71B3580590074DE43;
			productRefGroup = 4DAACEF11B35805A0074DE43 /* Products */;
			projectDirPath = "";
			projectRoot = "";
			targets = (
				4DAACEEF1B35805A0074DE43 /* SwiftPerformanceComparison */,
				4DAACEFE1B35805A0074DE43 /* SwiftPerformanceComparisonTests */,
			);
		};
/* End PBXProject section */

/* Begin PBXResourcesBuildPhase section */
		4DAACEEE1B35805A0074DE43 /* Resources */ = {
			isa = PBXResourcesBuildPhase;
			buildActionMask = 2147483647;
			files = (
				4DAACEF61B35805A0074DE43 /* Assets.xcassets in Resources */,
				4DAACEF91B35805A0074DE43 /* MainMenu.xib in Resources */,
			);
			runOnlyForDeploymentPostprocessing = 0;
		};
		4DAACEFD1B35805A0074DE43 /* Resources */ = {
			isa = PBXResourcesBuildPhase;
			buildActionMask = 2147483647;
			files = (
			);
			runOnlyForDeploymentPostprocessing = 0;
		};
/* End PBXResourcesBuildPhase section */

/* Begin PBXSourcesBuildPhase section */
		4DAACEEC1B35805A0074DE43 /* Sources */ = {
			isa = PBXSourcesBuildPhase;
			buildActionMask = 2147483647;
			files = (
				4DAACEF41B35805A0074DE43 /* AppDelegate.swift in Sources */,
			);
			runOnlyForDeploymentPostprocessing = 0;
		};
		4DAACEFB1B35805A0074DE43 /* Sources */ = {
			isa = PBXSourcesBuildPhase;
			buildActionMask = 2147483647;
			files = (
				4DAACF041B35805A0074DE43 /* SwiftPerformanceComparisonTests.swift in Sources */,
			);
			runOnlyForDeploymentPostprocessing = 0;
		};
/* End PBXSourcesBuildPhase section */

/* Begin PBXTargetDependency section */
		4DAACF011B35805A0074DE43 /* PBXTargetDependency */ = {
			isa = PBXTargetDependency;
			target = 4DAACEEF1B35805A0074DE43 /* SwiftPerformanceComparison */;
			targetProxy = 4DAACF001B35805A0074DE43 /* PBXContainerItemProxy */;
		};
/* End PBXTargetDependency section */

/* Begin PBXVariantGroup section */
		4DAACEF71B35805A0074DE43 /* MainMenu.xib */ = {
			isa = PBXVariantGroup;
			children = (
				4DAACEF81B35805A0074DE43 /* Base */,
			);
			name = MainMenu.xib;
			sourceTree = "<group>";
		};
/* End PBXVariantGroup section */

/* Begin XCBuildConfiguration section */
		4DAACF061B35805A0074DE43 /* Debug */ = {
			isa = XCBuildConfiguration;
			buildSettings = {
				ALWAYS_SEARCH_USER_PATHS = NO;
				CLANG_CXX_LANGUAGE_STANDARD = "gnu++0x";
				CLANG_CXX_LIBRARY = "libc++";
				CLANG_ENABLE_MODULES = YES;
				CLANG_ENABLE_OBJC_ARC = YES;
				CLANG_WARN_BOOL_CONVERSION = YES;
				CLANG_WARN_CONSTANT_CONVERSION = YES;
				CLANG_WARN_DIRECT_OBJC_ISA_USAGE = YES_ERROR;
				CLANG_WARN_EMPTY_BODY = YES;
				CLANG_WARN_ENUM_CONVERSION = YES;
				CLANG_WARN_INT_CONVERSION = YES;
				CLANG_WARN_OBJC_ROOT_CLASS = YES_ERROR;
				CLANG_WARN_UNREACHABLE_CODE = YES;
				CLANG_WARN__DUPLICATE_METHOD_MATCH = YES;
				CODE_SIGN_IDENTITY = "-";
				COPY_PHASE_STRIP = NO;
				DEBUG_INFORMATION_FORMAT = dwarf;
				ENABLE_STRICT_OBJC_MSGSEND = YES;
				ENABLE_TESTABILITY = YES;
				GCC_C_LANGUAGE_STANDARD = gnu99;
				GCC_DYNAMIC_NO_PIC = NO;
				GCC_NO_COMMON_BLOCKS = YES;
				GCC_OPTIMIZATION_LEVEL = 0;
				GCC_PREPROCESSOR_DEFINITIONS = (
					"DEBUG=1",
					"$(inherited)",
				);
				GCC_WARN_64_TO_32_BIT_CONVERSION = YES;
				GCC_WARN_ABOUT_RETURN_TYPE = YES_ERROR;
				GCC_WARN_UNDECLARED_SELECTOR = YES;
				GCC_WARN_UNINITIALIZED_AUTOS = YES_AGGRESSIVE;
				GCC_WARN_UNUSED_FUNCTION = YES;
				GCC_WARN_UNUSED_VARIABLE = YES;
				MACOSX_DEPLOYMENT_TARGET = 10.10;
				MTL_ENABLE_DEBUG_INFO = YES;
				ONLY_ACTIVE_ARCH = YES;
				SDKROOT = macosx;
				SWIFT_OPTIMIZATION_LEVEL = "-Onone";
			};
			name = Debug;
		};
		4DAACF071B35805A0074DE43 /* Release */ = {
			isa = XCBuildConfiguration;
			buildSettings = {
				ALWAYS_SEARCH_USER_PATHS = NO;
				CLANG_CXX_LANGUAGE_STANDARD = "gnu++0x";
				CLANG_CXX_LIBRARY = "libc++";
				CLANG_ENABLE_MODULES = YES;
				CLANG_ENABLE_OBJC_ARC = YES;
				CLANG_WARN_BOOL_CONVERSION = YES;
				CLANG_WARN_CONSTANT_CONVERSION = YES;
				CLANG_WARN_DIRECT_OBJC_ISA_USAGE = YES_ERROR;
				CLANG_WARN_EMPTY_BODY = YES;
				CLANG_WARN_ENUM_CONVERSION = YES;
				CLANG_WARN_INT_CONVERSION = YES;
				CLANG_WARN_OBJC_ROOT_CLASS = YES_ERROR;
				CLANG_WARN_UNREACHABLE_CODE = YES;
				CLANG_WARN__DUPLICATE_METHOD_MATCH = YES;
				CODE_SIGN_IDENTITY = "-";
				COPY_PHASE_STRIP = NO;
				DEBUG_INFORMATION_FORMAT = "dwarf-with-dsym";
				ENABLE_NS_ASSERTIONS = NO;
				ENABLE_STRICT_OBJC_MSGSEND = YES;
				GCC_C_LANGUAGE_STANDARD = gnu99;
				GCC_NO_COMMON_BLOCKS = YES;
				GCC_WARN_64_TO_32_BIT_CONVERSION = YES;
				GCC_WARN_ABOUT_RETURN_TYPE = YES_ERROR;
				GCC_WARN_UNDECLARED_SELECTOR = YES;
				GCC_WARN_UNINITIALIZED_AUTOS = YES_AGGRESSIVE;
				GCC_WARN_UNUSED_FUNCTION = YES;
				GCC_WARN_UNUSED_VARIABLE = YES;
				MACOSX_DEPLOYMENT_TARGET = 10.10;
				MTL_ENABLE_DEBUG_INFO = NO;
				SDKROOT = macosx;
			};
			name = Release;
		};
		4DAACF091B35805A0074DE43 /* Debug */ = {
			isa = XCBuildConfiguration;
			buildSettings = {
				ASSETCATALOG_COMPILER_APPICON_NAME = AppIcon;
				COMBINE_HIDPI_IMAGES = YES;
				INFOPLIST_FILE = SwiftPerformanceComparison/Info.plist;
				LD_RUNPATH_SEARCH_PATHS = "$(inherited) @executable_path/../Frameworks";
				PRODUCT_BUNDLE_IDENTIFIER = com.stylemac.SwiftPerformanceComparison;
				PRODUCT_NAME = "$(TARGET_NAME)";
			};
			name = Debug;
		};
		4DAACF0A1B35805A0074DE43 /* Release */ = {
			isa = XCBuildConfiguration;
			buildSettings = {
				ASSETCATALOG_COMPILER_APPICON_NAME = AppIcon;
				COMBINE_HIDPI_IMAGES = YES;
				INFOPLIST_FILE = SwiftPerformanceComparison/Info.plist;
				LD_RUNPATH_SEARCH_PATHS = "$(inherited) @executable_path/../Frameworks";
				PRODUCT_BUNDLE_IDENTIFIER = com.stylemac.SwiftPerformanceComparison;
				PRODUCT_NAME = "$(TARGET_NAME)";
			};
			name = Release;
		};
		4DAACF0C1B35805A0074DE43 /* Debug */ = {
			isa = XCBuildConfiguration;
			buildSettings = {
				BUNDLE_LOADER = "$(TEST_HOST)";
				COMBINE_HIDPI_IMAGES = YES;
				INFOPLIST_FILE = SwiftPerformanceComparisonTests/Info.plist;
				LD_RUNPATH_SEARCH_PATHS = "$(inherited) @executable_path/../Frameworks @loader_path/../Frameworks";
				PRODUCT_BUNDLE_IDENTIFIER = com.stylemac.SwiftPerformanceComparisonTests;
				PRODUCT_NAME = "$(TARGET_NAME)";
				TEST_HOST = "$(BUILT_PRODUCTS_DIR)/SwiftPerformanceComparison.app/Contents/MacOS/SwiftPerformanceComparison";
			};
			name = Debug;
		};
		4DAACF0D1B35805A0074DE43 /* Release */ = {
			isa = XCBuildConfiguration;
			buildSettings = {
				BUNDLE_LOADER = "$(TEST_HOST)";
				COMBINE_HIDPI_IMAGES = YES;
				INFOPLIST_FILE = SwiftPerformanceComparisonTests/Info.plist;
				LD_RUNPATH_SEARCH_PATHS = "$(inherited) @executable_path/../Frameworks @loader_path/../Frameworks";
				PRODUCT_BUNDLE_IDENTIFIER = com.stylemac.SwiftPerformanceComparisonTests;
				PRODUCT_NAME = "$(TARGET_NAME)";
				TEST_HOST = "$(BUILT_PRODUCTS_DIR)/SwiftPerformanceComparison.app/Contents/MacOS/SwiftPerformanceComparison";
			};
			name = Release;
		};
/* End XCBuildConfiguration section */

/* Begin XCConfigurationList section */
		4DAACEEB1B3580590074DE43 /* Build configuration list for PBXProject "SwiftPerformanceComparison" */ = {
			isa = XCConfigurationList;
			buildConfigurations = (
				4DAACF061B35805A0074DE43 /* Debug */,
				4DAACF071B35805A0074DE43 /* Release */,
			);
			defaultConfigurationIsVisible = 0;
			defaultConfigurationName = Release;
		};
		4DAACF081B35805A0074DE43 /* Build configuration list for PBXNativeTarget "SwiftPerformanceComparison" */ = {
			isa = XCConfigurationList;
			buildConfigurations = (
				4DAACF091B35805A0074DE43 /* Debug */,
				4DAACF0A1B35805A0074DE43 /* Release */,
			);
			defaultConfigurationIsVisible = 0;
		};
		4DAACF0B1B35805A0074DE43 /* Build configuration list for PBXNativeTarget "SwiftPerformanceComparisonTests" */ = {
			isa = XCConfigurationList;
			buildConfigurations = (
				4DAACF0C1B35805A0074DE43 /* Debug */,
				4DAACF0D1B35805A0074DE43 /* Release */,
			);
			defaultConfigurationIsVisible = 0;
		};
/* End XCConfigurationList section */
	};
	rootObject = 4DAACEE81B3580590074DE43 /* Project object */;
}
